<?xml version="1.0" encoding="utf-8"?>
<Project ToolsVersion="4.0" xmlns="http://schemas.microsoft.com/developer/msbuild/2003">
  <ItemGroup>
    <Filter Include="Huiluna">
      <UniqueIdentifier>{5B8BB5C2-C76A-345E-D082-BF343CE19ABF}</UniqueIdentifier>
    </Filter>
    <Filter Include="Huiluna\Events">
      <UniqueIdentifier>{DF82878A-CB50-7B90-B4E4-EBB6A05157F5}</UniqueIdentifier>
    </Filter>
  </ItemGroup>
  <ItemGroup>
    <ClInclude Include="src\Huiluna.h" />
    <ClInclude Include="src\Huiluna\Application.h">
      <Filter>Huiluna</Filter>
    </ClInclude>
    <ClInclude Include="src\Huiluna\Core.h">
      <Filter>Huiluna</Filter>
    </ClInclude>
    <ClInclude Include="src\Huiluna\EntryPoint.h">
      <Filter>Huiluna</Filter>
    </ClInclude>
    <ClInclude Include="src\Huiluna\Events\ApplicationEvent.h">
      <Filter>Huiluna\Events</Filter>
    </ClInclude>
    <ClInclude Include="src\Huiluna\Events\Event.h">
      <Filter>Huiluna\Events</Filter>
    </ClInclude>
    <ClInclude Include="src\Huiluna\Events\KeyEvent.h">
      <Filter>Huiluna\Events</Filter>
    </ClInclude>
    <ClInclude Include="src\Huiluna\Events\MouseEvent.h">
      <Filter>Huiluna\Events</Filter>
    </ClInclude>
    <ClInclude Include="src\Huiluna\Log.h">
      <Filter>Huiluna</Filter>
    </ClInclude>
  </ItemGroup>
  <ItemGroup>
    <ClCompile Include="src\Huiluna\Application.cpp">
      <Filter>Huiluna</Filter>
    </ClCompile>
    <ClCompile Include="src\Huiluna\Log.cpp">
      <Filter>Huiluna</Filter>
    </ClCompile>
  </ItemGroup>
</Project>